
Microsoft Visual Studio Solution File, Format Version 12.00
# Visual Studio Version 16
VisualStudioVersion = 16.0.31321.278
MinimumVisualStudioVersion = 10.0.40219.1
Project("{F2A71F9B-5D33-465A-A702-920D77279786}") = "RPNStrCalc", "RPNStrCalc\RPNStrCalc.fsproj", "{2DF924AB-FB9F-4788-8626-B7A44D567047}"
EndProject
Global
	GlobalSection(SolutionConfigurationPlatforms) = preSolution
		Debug|Any CPU = Debug|Any CPU
		Release|Any CPU = Release|Any CPU
	EndGlobalSection
	GlobalSection(ProjectConfigurationPlatforms) = postSolution
		{2DF924AB-FB9F-4788-8626-B7A44D567047}.Debug|Any CPU.ActiveCfg = Debug|Any CPU
		{2DF924AB-FB9F-4788-8626-B7A44D567047}.Debug|Any CPU.Build.0 = Debug|Any CPU
		{2DF924AB-FB9F-4788-8626-B7A44D567047}.Release|Any CPU.ActiveCfg = Release|Any CPU
		{2DF924AB-FB9F-4788-8626-B7A44D567047}.Release|Any CPU.Build.0 = Release|Any CPU
	EndGlobalSection
	GlobalSection(SolutionProperties) = preSolution
		HideSolutionNode = FALSE
	EndGlobalSection
	GlobalSection(ExtensibilityGlobals) = postSolution
		SolutionGuid = {98EC6C7B-B9BE-42EC-90A4-9537FC597EEC}
	EndGlobalSection
EndGlobal
